
Microsoft Visual Studio Solution File, Format Version 12.00
# Visual Studio Version 17
VisualStudioVersion = 17.9.34622.214
MinimumVisualStudioVersion = 10.0.40219.1
Project("{FAE04EC0-301F-11D3-BF4B-00C04F79EFBC}") = "StudentProject", "StudentProject\StudentProject.csproj", "{A75905D8-CF85-4079-B07E-D816D2BCD551}"
EndProject
Project("{FAE04EC0-301F-11D3-BF4B-00C04F79EFBC}") = "StudentProjectTests", "StudentProjectTests\StudentProjectTests.csproj", "{BF061006-7C9A-4306-81DE-AFB266791252}"
EndProject
Project("{2150E333-8FDC-42A3-9474-1A3956D46DE8}") = "Solution Items", "Solution Items", "{9D5E773B-031C-4614-A6B0-3C87418C856F}"
	ProjectSection(SolutionItems) = preProject
		tesztesetek.docx = tesztesetek.docx
	EndProjectSection
EndProject
Global
	GlobalSection(SolutionConfigurationPlatforms) = preSolution
		Debug|Any CPU = Debug|Any CPU
		Release|Any CPU = Release|Any CPU
	EndGlobalSection
	GlobalSection(ProjectConfigurationPlatforms) = postSolution
		{A75905D8-CF85-4079-B07E-D816D2BCD551}.Debug|Any CPU.ActiveCfg = Debug|Any CPU
		{A75905D8-CF85-4079-B07E-D816D2BCD551}.Debug|Any CPU.Build.0 = Debug|Any CPU
		{A75905D8-CF85-4079-B07E-D816D2BCD551}.Release|Any CPU.ActiveCfg = Release|Any CPU
		{A75905D8-CF85-4079-B07E-D816D2BCD551}.Release|Any CPU.Build.0 = Release|Any CPU
		{BF061006-7C9A-4306-81DE-AFB266791252}.Debug|Any CPU.ActiveCfg = Debug|Any CPU
		{BF061006-7C9A-4306-81DE-AFB266791252}.Debug|Any CPU.Build.0 = Debug|Any CPU
		{BF061006-7C9A-4306-81DE-AFB266791252}.Release|Any CPU.ActiveCfg = Release|Any CPU
		{BF061006-7C9A-4306-81DE-AFB266791252}.Release|Any CPU.Build.0 = Release|Any CPU
	EndGlobalSection
	GlobalSection(SolutionProperties) = preSolution
		HideSolutionNode = FALSE
	EndGlobalSection
	GlobalSection(ExtensibilityGlobals) = postSolution
		SolutionGuid = {7C884A64-BC7B-4DCE-BBF1-AA96203B2896}
	EndGlobalSection
EndGlobal
